
Microsoft Visual Studio Solution File, Format Version 12.00
# Visual Studio Version 17
VisualStudioVersion = 17.8.34322.80
MinimumVisualStudioVersion = 10.0.40219.1
Project("{FAE04EC0-301F-11D3-BF4B-00C04F79EFBC}") = "ProgettoWebMobile", "ProgettoWebMobile\ProgettoWebMobile.csproj", "{B7ECD831-51EB-4C4A-ABC2-245946537B64}"
EndProject
Global
	GlobalSection(SolutionConfigurationPlatforms) = preSolution
		Debug|Any CPU = Debug|Any CPU
		Release|Any CPU = Release|Any CPU
	EndGlobalSection
	GlobalSection(ProjectConfigurationPlatforms) = postSolution
		{B7ECD831-51EB-4C4A-ABC2-245946537B64}.Debug|Any CPU.ActiveCfg = Debug|Any CPU
		{B7ECD831-51EB-4C4A-ABC2-245946537B64}.Debug|Any CPU.Build.0 = Debug|Any CPU
		{B7ECD831-51EB-4C4A-ABC2-245946537B64}.Release|Any CPU.ActiveCfg = Release|Any CPU
		{B7ECD831-51EB-4C4A-ABC2-245946537B64}.Release|Any CPU.Build.0 = Release|Any CPU
	EndGlobalSection
	GlobalSection(SolutionProperties) = preSolution
		HideSolutionNode = FALSE
	EndGlobalSection
	GlobalSection(ExtensibilityGlobals) = postSolution
		SolutionGuid = {4A5A1FC8-507B-42C5-8B29-85D21232110A}
	EndGlobalSection
EndGlobal
